
Microsoft Visual Studio Solution File, Format Version 12.00
# Visual Studio Version 16
VisualStudioVersion = 16.0.32510.428
MinimumVisualStudioVersion = 10.0.40219.1
Project("{FAE04EC0-301F-11D3-BF4B-00C04F79EFBC}") = "MEFLearning", "MEFLearning\MEFLearning.csproj", "{D201821E-A446-4515-B04F-4F89C32357EC}"
EndProject
Global
	GlobalSection(SolutionConfigurationPlatforms) = preSolution
		Debug|Any CPU = Debug|Any CPU
		Release|Any CPU = Release|Any CPU
	EndGlobalSection
	GlobalSection(ProjectConfigurationPlatforms) = postSolution
		{D201821E-A446-4515-B04F-4F89C32357EC}.Debug|Any CPU.ActiveCfg = Debug|Any CPU
		{D201821E-A446-4515-B04F-4F89C32357EC}.Debug|Any CPU.Build.0 = Debug|Any CPU
		{D201821E-A446-4515-B04F-4F89C32357EC}.Release|Any CPU.ActiveCfg = Release|Any CPU
		{D201821E-A446-4515-B04F-4F89C32357EC}.Release|Any CPU.Build.0 = Release|Any CPU
	EndGlobalSection
	GlobalSection(SolutionProperties) = preSolution
		HideSolutionNode = FALSE
	EndGlobalSection
	GlobalSection(ExtensibilityGlobals) = postSolution
		SolutionGuid = {3630DFC1-42AE-466D-AB51-BFA4CBAA03D6}
	EndGlobalSection
EndGlobal
